// !$*UTF8*$!
{
	archiveVersion = 1;
	classes = {
	};
	objectVersion = 56;
	objects = {

/* Begin PBXBuildFile section */
		54AD39612C5779C80012A4DE /* ElectroniceShopApp.swift in Sources */ = {isa = PBXBuildFile; fileRef = 54AD39602C5779C80012A4DE /* ElectroniceShopApp.swift */; };
		54AD39632C5779C80012A4DE /* MainView.swift in Sources */ = {isa = PBXBuildFile; fileRef = 54AD39622C5779C80012A4DE /* MainView.swift */; };
		54AD39652C5779C90012A4DE /* Assets.xcassets in Resources */ = {isa = PBXBuildFile; fileRef = 54AD39642C5779C90012A4DE /* Assets.xcassets */; };
		54AD39682C5779C90012A4DE /* Preview Assets.xcassets in Resources */ = {isa = PBXBuildFile; fileRef = 54AD39672C5779C90012A4DE /* Preview Assets.xcassets */; };
		54AD396F2C5789460012A4DE /* GoogleService-Info.plist in Resources */ = {isa = PBXBuildFile; fileRef = 54AD396E2C5789460012A4DE /* GoogleService-Info.plist */; };
		54AD39722C578AF70012A4DE /* FirebaseAnalytics in Frameworks */ = {isa = PBXBuildFile; productRef = 54AD39712C578AF70012A4DE /* FirebaseAnalytics */; };
		54AD39742C578AF70012A4DE /* FirebaseAnalyticsOnDeviceConversion in Frameworks */ = {isa = PBXBuildFile; productRef = 54AD39732C578AF70012A4DE /* FirebaseAnalyticsOnDeviceConversion */; };
		54AD39762C578AF70012A4DE /* FirebaseAnalyticsSwift in Frameworks */ = {isa = PBXBuildFile; productRef = 54AD39752C578AF70012A4DE /* FirebaseAnalyticsSwift */; };
		54AD39782C578AF70012A4DE /* FirebaseAnalyticsWithoutAdIdSupport in Frameworks */ = {isa = PBXBuildFile; productRef = 54AD39772C578AF70012A4DE /* FirebaseAnalyticsWithoutAdIdSupport */; };
		54AD397A2C578AF70012A4DE /* FirebaseAppCheck in Frameworks */ = {isa = PBXBuildFile; productRef = 54AD39792C578AF70012A4DE /* FirebaseAppCheck */; };
		54AD397C2C578AF70012A4DE /* FirebaseAppDistribution-Beta in Frameworks */ = {isa = PBXBuildFile; productRef = 54AD397B2C578AF70012A4DE /* FirebaseAppDistribution-Beta */; };
		54AD397E2C578AF70012A4DE /* FirebaseAuth in Frameworks */ = {isa = PBXBuildFile; productRef = 54AD397D2C578AF70012A4DE /* FirebaseAuth */; };
		54AD39802C578AF70012A4DE /* FirebaseAuthCombine-Community in Frameworks */ = {isa = PBXBuildFile; productRef = 54AD397F2C578AF70012A4DE /* FirebaseAuthCombine-Community */; };
		54AD39822C578AF70012A4DE /* FirebaseCrashlytics in Frameworks */ = {isa = PBXBuildFile; productRef = 54AD39812C578AF70012A4DE /* FirebaseCrashlytics */; };
		54AD39842C578AF70012A4DE /* FirebaseDatabase in Frameworks */ = {isa = PBXBuildFile; productRef = 54AD39832C578AF70012A4DE /* FirebaseDatabase */; };
		54AD39862C578AF70012A4DE /* FirebaseDatabaseSwift in Frameworks */ = {isa = PBXBuildFile; productRef = 54AD39852C578AF70012A4DE /* FirebaseDatabaseSwift */; };
		54AD39882C578AF70012A4DE /* FirebaseDynamicLinks in Frameworks */ = {isa = PBXBuildFile; productRef = 54AD39872C578AF70012A4DE /* FirebaseDynamicLinks */; };
		54AD398A2C578AF70012A4DE /* FirebaseFirestore in Frameworks */ = {isa = PBXBuildFile; productRef = 54AD39892C578AF70012A4DE /* FirebaseFirestore */; };
		54AD398C2C578AF70012A4DE /* FirebaseFirestoreCombine-Community in Frameworks */ = {isa = PBXBuildFile; productRef = 54AD398B2C578AF70012A4DE /* FirebaseFirestoreCombine-Community */; };
		54AD398E2C578AF70012A4DE /* FirebaseFirestoreSwift in Frameworks */ = {isa = PBXBuildFile; productRef = 54AD398D2C578AF70012A4DE /* FirebaseFirestoreSwift */; };
		54AD39902C578AF70012A4DE /* FirebaseFunctions in Frameworks */ = {isa = PBXBuildFile; productRef = 54AD398F2C578AF70012A4DE /* FirebaseFunctions */; };
		54AD39922C578AF70012A4DE /* FirebaseFunctionsCombine-Community in Frameworks */ = {isa = PBXBuildFile; productRef = 54AD39912C578AF70012A4DE /* FirebaseFunctionsCombine-Community */; };
		54AD39942C578AF70012A4DE /* FirebaseInAppMessaging-Beta in Frameworks */ = {isa = PBXBuildFile; productRef = 54AD39932C578AF70012A4DE /* FirebaseInAppMessaging-Beta */; };
		54AD39962C578AF70012A4DE /* FirebaseInAppMessagingSwift-Beta in Frameworks */ = {isa = PBXBuildFile; productRef = 54AD39952C578AF70012A4DE /* FirebaseInAppMessagingSwift-Beta */; };
		54AD39982C578AF70012A4DE /* FirebaseInstallations in Frameworks */ = {isa = PBXBuildFile; productRef = 54AD39972C578AF70012A4DE /* FirebaseInstallations */; };
		54AD399A2C578AF70012A4DE /* FirebaseMLModelDownloader in Frameworks */ = {isa = PBXBuildFile; productRef = 54AD39992C578AF70012A4DE /* FirebaseMLModelDownloader */; };
		54AD399C2C578AF70012A4DE /* FirebaseMessaging in Frameworks */ = {isa = PBXBuildFile; productRef = 54AD399B2C578AF70012A4DE /* FirebaseMessaging */; };
		54AD399E2C578AF70012A4DE /* FirebasePerformance in Frameworks */ = {isa = PBXBuildFile; productRef = 54AD399D2C578AF70012A4DE /* FirebasePerformance */; };
		54AD39A02C578AF70012A4DE /* FirebaseRemoteConfig in Frameworks */ = {isa = PBXBuildFile; productRef = 54AD399F2C578AF70012A4DE /* FirebaseRemoteConfig */; };
		54AD39A22C578AF70012A4DE /* FirebaseRemoteConfigSwift in Frameworks */ = {isa = PBXBuildFile; productRef = 54AD39A12C578AF70012A4DE /* FirebaseRemoteConfigSwift */; };
		54AD39A42C578AF70012A4DE /* FirebaseStorage in Frameworks */ = {isa = PBXBuildFile; productRef = 54AD39A32C578AF70012A4DE /* FirebaseStorage */; };
		54AD39A62C578AF70012A4DE /* FirebaseStorageCombine-Community in Frameworks */ = {isa = PBXBuildFile; productRef = 54AD39A52C578AF70012A4DE /* FirebaseStorageCombine-Community */; };
		54AD39A82C578AF70012A4DE /* FirebaseVertexAI-Preview in Frameworks */ = {isa = PBXBuildFile; productRef = 54AD39A72C578AF70012A4DE /* FirebaseVertexAI-Preview */; };
		54AD39AA2C578D080012A4DE /* Product.swift in Sources */ = {isa = PBXBuildFile; fileRef = 54AD39A92C578D080012A4DE /* Product.swift */; };
		54AD39AC2C57B66D0012A4DE /* FavouritesView.swift in Sources */ = {isa = PBXBuildFile; fileRef = 54AD39AB2C57B66D0012A4DE /* FavouritesView.swift */; };
		54AD39AE2C57B67A0012A4DE /* CartView.swift in Sources */ = {isa = PBXBuildFile; fileRef = 54AD39AD2C57B67A0012A4DE /* CartView.swift */; };
		54D63B542C57BA77006BA600 /* ProductCardView.swift in Sources */ = {isa = PBXBuildFile; fileRef = 54D63B532C57BA77006BA600 /* ProductCardView.swift */; };
		54D63B562C57BED7006BA600 /* CardImageView.swift in Sources */ = {isa = PBXBuildFile; fileRef = 54D63B552C57BED7006BA600 /* CardImageView.swift */; };
		54D63B5C2C57C2AF006BA600 /* Extension+Text.swift in Sources */ = {isa = PBXBuildFile; fileRef = 54D63B5B2C57C2AF006BA600 /* Extension+Text.swift */; };
/* End PBXBuildFile section */

/* Begin PBXFileReference section */
		54AD395D2C5779C80012A4DE /* ElectroniceShop.app */ = {isa = PBXFileReference; explicitFileType = wrapper.application; includeInIndex = 0; path = ElectroniceShop.app; sourceTree = BUILT_PRODUCTS_DIR; };
		54AD39602C5779C80012A4DE /* ElectroniceShopApp.swift */ = {isa = PBXFileReference; lastKnownFileType = sourcecode.swift; path = ElectroniceShopApp.swift; sourceTree = "<group>"; };
		54AD39622C5779C80012A4DE /* MainView.swift */ = {isa = PBXFileReference; lastKnownFileType = sourcecode.swift; path = MainView.swift; sourceTree = "<group>"; };
		54AD39642C5779C90012A4DE /* Assets.xcassets */ = {isa = PBXFileReference; lastKnownFileType = folder.assetcatalog; path = Assets.xcassets; sourceTree = "<group>"; };
		54AD39672C5779C90012A4DE /* Preview Assets.xcassets */ = {isa = PBXFileReference; lastKnownFileType = folder.assetcatalog; path = "Preview Assets.xcassets"; sourceTree = "<group>"; };
		54AD396E2C5789460012A4DE /* GoogleService-Info.plist */ = {isa = PBXFileReference; fileEncoding = 4; lastKnownFileType = text.plist.xml; path = "GoogleService-Info.plist"; sourceTree = "<group>"; };
		54AD39A92C578D080012A4DE /* Product.swift */ = {isa = PBXFileReference; lastKnownFileType = sourcecode.swift; path = Product.swift; sourceTree = "<group>"; };
		54AD39AB2C57B66D0012A4DE /* FavouritesView.swift */ = {isa = PBXFileReference; lastKnownFileType = sourcecode.swift; path = FavouritesView.swift; sourceTree = "<group>"; };
		54AD39AD2C57B67A0012A4DE /* CartView.swift */ = {isa = PBXFileReference; lastKnownFileType = sourcecode.swift; path = CartView.swift; sourceTree = "<group>"; };
		54D63B532C57BA77006BA600 /* ProductCardView.swift */ = {isa = PBXFileReference; lastKnownFileType = sourcecode.swift; path = ProductCardView.swift; sourceTree = "<group>"; };
		54D63B552C57BED7006BA600 /* CardImageView.swift */ = {isa = PBXFileReference; lastKnownFileType = sourcecode.swift; path = CardImageView.swift; sourceTree = "<group>"; };
		54D63B5B2C57C2AF006BA600 /* Extension+Text.swift */ = {isa = PBXFileReference; lastKnownFileType = sourcecode.swift; path = "Extension+Text.swift"; sourceTree = "<group>"; };
/* End PBXFileReference section */

/* Begin PBXFrameworksBuildPhase section */
		54AD395A2C5779C80012A4DE /* Frameworks */ = {
			isa = PBXFrameworksBuildPhase;
			buildActionMask = 2147483647;
			files = (
				54AD39842C578AF70012A4DE /* FirebaseDatabase in Frameworks */,
				54AD39922C578AF70012A4DE /* FirebaseFunctionsCombine-Community in Frameworks */,
				54AD398A2C578AF70012A4DE /* FirebaseFirestore in Frameworks */,
				54AD39762C578AF70012A4DE /* FirebaseAnalyticsSwift in Frameworks */,
				54AD39722C578AF70012A4DE /* FirebaseAnalytics in Frameworks */,
				54AD39742C578AF70012A4DE /* FirebaseAnalyticsOnDeviceConversion in Frameworks */,
				54AD399A2C578AF70012A4DE /* FirebaseMLModelDownloader in Frameworks */,
				54AD398E2C578AF70012A4DE /* FirebaseFirestoreSwift in Frameworks */,
				54AD397A2C578AF70012A4DE /* FirebaseAppCheck in Frameworks */,
				54AD39782C578AF70012A4DE /* FirebaseAnalyticsWithoutAdIdSupport in Frameworks */,
				54AD397E2C578AF70012A4DE /* FirebaseAuth in Frameworks */,
				54AD39822C578AF70012A4DE /* FirebaseCrashlytics in Frameworks */,
				54AD39A22C578AF70012A4DE /* FirebaseRemoteConfigSwift in Frameworks */,
				54AD39942C578AF70012A4DE /* FirebaseInAppMessaging-Beta in Frameworks */,
				54AD39862C578AF70012A4DE /* FirebaseDatabaseSwift in Frameworks */,
				54AD39902C578AF70012A4DE /* FirebaseFunctions in Frameworks */,
				54AD39A62C578AF70012A4DE /* FirebaseStorageCombine-Community in Frameworks */,
				54AD39A02C578AF70012A4DE /* FirebaseRemoteConfig in Frameworks */,
				54AD397C2C578AF70012A4DE /* FirebaseAppDistribution-Beta in Frameworks */,
				54AD39802C578AF70012A4DE /* FirebaseAuthCombine-Community in Frameworks */,
				54AD399E2C578AF70012A4DE /* FirebasePerformance in Frameworks */,
				54AD39962C578AF70012A4DE /* FirebaseInAppMessagingSwift-Beta in Frameworks */,
				54AD39A42C578AF70012A4DE /* FirebaseStorage in Frameworks */,
				54AD39882C578AF70012A4DE /* FirebaseDynamicLinks in Frameworks */,
				54AD39A82C578AF70012A4DE /* FirebaseVertexAI-Preview in Frameworks */,
				54AD398C2C578AF70012A4DE /* FirebaseFirestoreCombine-Community in Frameworks */,
				54AD399C2C578AF70012A4DE /* FirebaseMessaging in Frameworks */,
				54AD39982C578AF70012A4DE /* FirebaseInstallations in Frameworks */,
			);
			runOnlyForDeploymentPostprocessing = 0;
		};
/* End PBXFrameworksBuildPhase section */

/* Begin PBXGroup section */
		54AD39542C5779C80012A4DE = {
			isa = PBXGroup;
			children = (
				54AD395F2C5779C80012A4DE /* ElectroniceShop */,
				54AD395E2C5779C80012A4DE /* Products */,
			);
			sourceTree = "<group>";
		};
		54AD395E2C5779C80012A4DE /* Products */ = {
			isa = PBXGroup;
			children = (
				54AD395D2C5779C80012A4DE /* ElectroniceShop.app */,
			);
			name = Products;
			sourceTree = "<group>";
		};
		54AD395F2C5779C80012A4DE /* ElectroniceShop */ = {
			isa = PBXGroup;
			children = (
				54D63B5A2C57C291006BA600 /* App */,
				54D63B592C57C28B006BA600 /* Model */,
				54D63B582C57C288006BA600 /* View */,
				54D63B572C57C27C006BA600 /* Extensions */,
				54AD39642C5779C90012A4DE /* Assets.xcassets */,
				54AD396E2C5789460012A4DE /* GoogleService-Info.plist */,
				54AD39662C5779C90012A4DE /* Preview Content */,
			);
			path = ElectroniceShop;
			sourceTree = "<group>";
		};
		54AD39662C5779C90012A4DE /* Preview Content */ = {
			isa = PBXGroup;
			children = (
				54AD39672C5779C90012A4DE /* Preview Assets.xcassets */,
			);
			path = "Preview Content";
			sourceTree = "<group>";
		};
		54D63B572C57C27C006BA600 /* Extensions */ = {
			isa = PBXGroup;
			children = (
				54D63B5B2C57C2AF006BA600 /* Extension+Text.swift */,
			);
			path = Extensions;
			sourceTree = "<group>";
		};
		54D63B582C57C288006BA600 /* View */ = {
			isa = PBXGroup;
			children = (
				54AD39622C5779C80012A4DE /* MainView.swift */,
				54D63B532C57BA77006BA600 /* ProductCardView.swift */,
				54D63B552C57BED7006BA600 /* CardImageView.swift */,
				54AD39AB2C57B66D0012A4DE /* FavouritesView.swift */,
				54AD39AD2C57B67A0012A4DE /* CartView.swift */,
			);
			path = View;
			sourceTree = "<group>";
		};
		54D63B592C57C28B006BA600 /* Model */ = {
			isa = PBXGroup;
			children = (
				54AD39A92C578D080012A4DE /* Product.swift */,
			);
			path = Model;
			sourceTree = "<group>";
		};
		54D63B5A2C57C291006BA600 /* App */ = {
			isa = PBXGroup;
			children = (
				54AD39602C5779C80012A4DE /* ElectroniceShopApp.swift */,
			);
			path = App;
			sourceTree = "<group>";
		};
/* End PBXGroup section */

/* Begin PBXNativeTarget section */
		54AD395C2C5779C80012A4DE /* ElectroniceShop */ = {
			isa = PBXNativeTarget;
			buildConfigurationList = 54AD396B2C5779C90012A4DE /* Build configuration list for PBXNativeTarget "ElectroniceShop" */;
			buildPhases = (
				54AD39592C5779C80012A4DE /* Sources */,
				54AD395A2C5779C80012A4DE /* Frameworks */,
				54AD395B2C5779C80012A4DE /* Resources */,
			);
			buildRules = (
			);
			dependencies = (
			);
			name = ElectroniceShop;
			packageProductDependencies = (
				54AD39712C578AF70012A4DE /* FirebaseAnalytics */,
				54AD39732C578AF70012A4DE /* FirebaseAnalyticsOnDeviceConversion */,
				54AD39752C578AF70012A4DE /* FirebaseAnalyticsSwift */,
				54AD39772C578AF70012A4DE /* FirebaseAnalyticsWithoutAdIdSupport */,
				54AD39792C578AF70012A4DE /* FirebaseAppCheck */,
				54AD397B2C578AF70012A4DE /* FirebaseAppDistribution-Beta */,
				54AD397D2C578AF70012A4DE /* FirebaseAuth */,
				54AD397F2C578AF70012A4DE /* FirebaseAuthCombine-Community */,
				54AD39812C578AF70012A4DE /* FirebaseCrashlytics */,
				54AD39832C578AF70012A4DE /* FirebaseDatabase */,
				54AD39852C578AF70012A4DE /* FirebaseDatabaseSwift */,
				54AD39872C578AF70012A4DE /* FirebaseDynamicLinks */,
				54AD39892C578AF70012A4DE /* FirebaseFirestore */,
				54AD398B2C578AF70012A4DE /* FirebaseFirestoreCombine-Community */,
				54AD398D2C578AF70012A4DE /* FirebaseFirestoreSwift */,
				54AD398F2C578AF70012A4DE /* FirebaseFunctions */,
				54AD39912C578AF70012A4DE /* FirebaseFunctionsCombine-Community */,
				54AD39932C578AF70012A4DE /* FirebaseInAppMessaging-Beta */,
				54AD39952C578AF70012A4DE /* FirebaseInAppMessagingSwift-Beta */,
				54AD39972C578AF70012A4DE /* FirebaseInstallations */,
				54AD39992C578AF70012A4DE /* FirebaseMLModelDownloader */,
				54AD399B2C578AF70012A4DE /* FirebaseMessaging */,
				54AD399D2C578AF70012A4DE /* FirebasePerformance */,
				54AD399F2C578AF70012A4DE /* FirebaseRemoteConfig */,
				54AD39A12C578AF70012A4DE /* FirebaseRemoteConfigSwift */,
				54AD39A32C578AF70012A4DE /* FirebaseStorage */,
				54AD39A52C578AF70012A4DE /* FirebaseStorageCombine-Community */,
				54AD39A72C578AF70012A4DE /* FirebaseVertexAI-Preview */,
			);
			productName = ElectroniceShop;
			productReference = 54AD395D2C5779C80012A4DE /* ElectroniceShop.app */;
			productType = "com.apple.product-type.application";
		};
/* End PBXNativeTarget section */

/* Begin PBXProject section */
		54AD39552C5779C80012A4DE /* Project object */ = {
			isa = PBXProject;
			attributes = {
				BuildIndependentTargetsInParallel = 1;
				LastSwiftUpdateCheck = 1540;
				LastUpgradeCheck = 1540;
				TargetAttributes = {
					54AD395C2C5779C80012A4DE = {
						CreatedOnToolsVersion = 15.4;
					};
				};
			};
			buildConfigurationList = 54AD39582C5779C80012A4DE /* Build configuration list for PBXProject "ElectroniceShop" */;
			compatibilityVersion = "Xcode 14.0";
			developmentRegion = en;
			hasScannedForEncodings = 0;
			knownRegions = (
				en,
				Base,
			);
			mainGroup = 54AD39542C5779C80012A4DE;
			packageReferences = (
				54AD39702C578AF70012A4DE /* XCRemoteSwiftPackageReference "firebase-ios-sdk" */,
			);
			productRefGroup = 54AD395E2C5779C80012A4DE /* Products */;
			projectDirPath = "";
			projectRoot = "";
			targets = (
				54AD395C2C5779C80012A4DE /* ElectroniceShop */,
			);
		};
/* End PBXProject section */

/* Begin PBXResourcesBuildPhase section */
		54AD395B2C5779C80012A4DE /* Resources */ = {
			isa = PBXResourcesBuildPhase;
			buildActionMask = 2147483647;
			files = (
				54AD39682C5779C90012A4DE /* Preview Assets.xcassets in Resources */,
				54AD39652C5779C90012A4DE /* Assets.xcassets in Resources */,
				54AD396F2C5789460012A4DE /* GoogleService-Info.plist in Resources */,
			);
			runOnlyForDeploymentPostprocessing = 0;
		};
/* End PBXResourcesBuildPhase section */

/* Begin PBXSourcesBuildPhase section */
		54AD39592C5779C80012A4DE /* Sources */ = {
			isa = PBXSourcesBuildPhase;
			buildActionMask = 2147483647;
			files = (
				54D63B542C57BA77006BA600 /* ProductCardView.swift in Sources */,
				54AD39AE2C57B67A0012A4DE /* CartView.swift in Sources */,
				54D63B562C57BED7006BA600 /* CardImageView.swift in Sources */,
				54AD39632C5779C80012A4DE /* MainView.swift in Sources */,
				54D63B5C2C57C2AF006BA600 /* Extension+Text.swift in Sources */,
				54AD39612C5779C80012A4DE /* ElectroniceShopApp.swift in Sources */,
				54AD39AC2C57B66D0012A4DE /* FavouritesView.swift in Sources */,
				54AD39AA2C578D080012A4DE /* Product.swift in Sources */,
			);
			runOnlyForDeploymentPostprocessing = 0;
		};
/* End PBXSourcesBuildPhase section */

/* Begin XCBuildConfiguration section */
		54AD39692C5779C90012A4DE /* Debug */ = {
			isa = XCBuildConfiguration;
			buildSettings = {
				ALWAYS_SEARCH_USER_PATHS = NO;
				ASSETCATALOG_COMPILER_GENERATE_SWIFT_ASSET_SYMBOL_EXTENSIONS = YES;
				CLANG_ANALYZER_NONNULL = YES;
				CLANG_ANALYZER_NUMBER_OBJECT_CONVERSION = YES_AGGRESSIVE;
				CLANG_CXX_LANGUAGE_STANDARD = "gnu++20";
				CLANG_ENABLE_MODULES = YES;
				CLANG_ENABLE_OBJC_ARC = YES;
				CLANG_ENABLE_OBJC_WEAK = YES;
				CLANG_WARN_BLOCK_CAPTURE_AUTORELEASING = YES;
				CLANG_WARN_BOOL_CONVERSION = YES;
				CLANG_WARN_COMMA = YES;
				CLANG_WARN_CONSTANT_CONVERSION = YES;
				CLANG_WARN_DEPRECATED_OBJC_IMPLEMENTATIONS = YES;
				CLANG_WARN_DIRECT_OBJC_ISA_USAGE = YES_ERROR;
				CLANG_WARN_DOCUMENTATION_COMMENTS = YES;
				CLANG_WARN_EMPTY_BODY = YES;
				CLANG_WARN_ENUM_CONVERSION = YES;
				CLANG_WARN_INFINITE_RECURSION = YES;
				CLANG_WARN_INT_CONVERSION = YES;
				CLANG_WARN_NON_LITERAL_NULL_CONVERSION = YES;
				CLANG_WARN_OBJC_IMPLICIT_RETAIN_SELF = YES;
				CLANG_WARN_OBJC_LITERAL_CONVERSION = YES;
				CLANG_WARN_OBJC_ROOT_CLASS = YES_ERROR;
				CLANG_WARN_QUOTED_INCLUDE_IN_FRAMEWORK_HEADER = YES;
				CLANG_WARN_RANGE_LOOP_ANALYSIS = YES;
				CLANG_WARN_STRICT_PROTOTYPES = YES;
				CLANG_WARN_SUSPICIOUS_MOVE = YES;
				CLANG_WARN_UNGUARDED_AVAILABILITY = YES_AGGRESSIVE;
				CLANG_WARN_UNREACHABLE_CODE = YES;
				CLANG_WARN__DUPLICATE_METHOD_MATCH = YES;
				COPY_PHASE_STRIP = NO;
				DEBUG_INFORMATION_FORMAT = dwarf;
				ENABLE_STRICT_OBJC_MSGSEND = YES;
				ENABLE_TESTABILITY = YES;
				ENABLE_USER_SCRIPT_SANDBOXING = YES;
				GCC_C_LANGUAGE_STANDARD = gnu17;
				GCC_DYNAMIC_NO_PIC = NO;
				GCC_NO_COMMON_BLOCKS = YES;
				GCC_OPTIMIZATION_LEVEL = 0;
				GCC_PREPROCESSOR_DEFINITIONS = (
					"DEBUG=1",
					"$(inherited)",
				);
				GCC_WARN_64_TO_32_BIT_CONVERSION = YES;
				GCC_WARN_ABOUT_RETURN_TYPE = YES_ERROR;
				GCC_WARN_UNDECLARED_SELECTOR = YES;
				GCC_WARN_UNINITIALIZED_AUTOS = YES_AGGRESSIVE;
				GCC_WARN_UNUSED_FUNCTION = YES;
				GCC_WARN_UNUSED_VARIABLE = YES;
				IPHONEOS_DEPLOYMENT_TARGET = 17.5;
				LOCALIZATION_PREFERS_STRING_CATALOGS = YES;
				MTL_ENABLE_DEBUG_INFO = INCLUDE_SOURCE;
				MTL_FAST_MATH = YES;
				ONLY_ACTIVE_ARCH = YES;
				SDKROOT = iphoneos;
				SWIFT_ACTIVE_COMPILATION_CONDITIONS = "DEBUG $(inherited)";
				SWIFT_OPTIMIZATION_LEVEL = "-Onone";
			};
			name = Debug;
		};
		54AD396A2C5779C90012A4DE /* Release */ = {
			isa = XCBuildConfiguration;
			buildSettings = {
				ALWAYS_SEARCH_USER_PATHS = NO;
				ASSETCATALOG_COMPILER_GENERATE_SWIFT_ASSET_SYMBOL_EXTENSIONS = YES;
				CLANG_ANALYZER_NONNULL = YES;
				CLANG_ANALYZER_NUMBER_OBJECT_CONVERSION = YES_AGGRESSIVE;
				CLANG_CXX_LANGUAGE_STANDARD = "gnu++20";
				CLANG_ENABLE_MODULES = YES;
				CLANG_ENABLE_OBJC_ARC = YES;
				CLANG_ENABLE_OBJC_WEAK = YES;
				CLANG_WARN_BLOCK_CAPTURE_AUTORELEASING = YES;
				CLANG_WARN_BOOL_CONVERSION = YES;
				CLANG_WARN_COMMA = YES;
				CLANG_WARN_CONSTANT_CONVERSION = YES;
				CLANG_WARN_DEPRECATED_OBJC_IMPLEMENTATIONS = YES;
				CLANG_WARN_DIRECT_OBJC_ISA_USAGE = YES_ERROR;
				CLANG_WARN_DOCUMENTATION_COMMENTS = YES;
				CLANG_WARN_EMPTY_BODY = YES;
				CLANG_WARN_ENUM_CONVERSION = YES;
				CLANG_WARN_INFINITE_RECURSION = YES;
				CLANG_WARN_INT_CONVERSION = YES;
				CLANG_WARN_NON_LITERAL_NULL_CONVERSION = YES;
				CLANG_WARN_OBJC_IMPLICIT_RETAIN_SELF = YES;
				CLANG_WARN_OBJC_LITERAL_CONVERSION = YES;
				CLANG_WARN_OBJC_ROOT_CLASS = YES_ERROR;
				CLANG_WARN_QUOTED_INCLUDE_IN_FRAMEWORK_HEADER = YES;
				CLANG_WARN_RANGE_LOOP_ANALYSIS = YES;
				CLANG_WARN_STRICT_PROTOTYPES = YES;
				CLANG_WARN_SUSPICIOUS_MOVE = YES;
				CLANG_WARN_UNGUARDED_AVAILABILITY = YES_AGGRESSIVE;
				CLANG_WARN_UNREACHABLE_CODE = YES;
				CLANG_WARN__DUPLICATE_METHOD_MATCH = YES;
				COPY_PHASE_STRIP = NO;
				DEBUG_INFORMATION_FORMAT = "dwarf-with-dsym";
				ENABLE_NS_ASSERTIONS = NO;
				ENABLE_STRICT_OBJC_MSGSEND = YES;
				ENABLE_USER_SCRIPT_SANDBOXING = YES;
				GCC_C_LANGUAGE_STANDARD = gnu17;
				GCC_NO_COMMON_BLOCKS = YES;
				GCC_WARN_64_TO_32_BIT_CONVERSION = YES;
				GCC_WARN_ABOUT_RETURN_TYPE = YES_ERROR;
				GCC_WARN_UNDECLARED_SELECTOR = YES;
				GCC_WARN_UNINITIALIZED_AUTOS = YES_AGGRESSIVE;
				GCC_WARN_UNUSED_FUNCTION = YES;
				GCC_WARN_UNUSED_VARIABLE = YES;
				IPHONEOS_DEPLOYMENT_TARGET = 17.5;
				LOCALIZATION_PREFERS_STRING_CATALOGS = YES;
				MTL_ENABLE_DEBUG_INFO = NO;
				MTL_FAST_MATH = YES;
				SDKROOT = iphoneos;
				SWIFT_COMPILATION_MODE = wholemodule;
				VALIDATE_PRODUCT = YES;
			};
			name = Release;
		};
		54AD396C2C5779C90012A4DE /* Debug */ = {
			isa = XCBuildConfiguration;
			buildSettings = {
				ASSETCATALOG_COMPILER_APPICON_NAME = AppIcon;
				ASSETCATALOG_COMPILER_GLOBAL_ACCENT_COLOR_NAME = AccentColor;
				CODE_SIGN_STYLE = Automatic;
				CURRENT_PROJECT_VERSION = 1;
				DEVELOPMENT_ASSET_PATHS = "\"ElectroniceShop/Preview Content\"";
				DEVELOPMENT_TEAM = 9W625278YK;
				ENABLE_PREVIEWS = YES;
				GENERATE_INFOPLIST_FILE = YES;
				INFOPLIST_KEY_UIApplicationSceneManifest_Generation = YES;
				INFOPLIST_KEY_UIApplicationSupportsIndirectInputEvents = YES;
				INFOPLIST_KEY_UILaunchScreen_Generation = YES;
				INFOPLIST_KEY_UISupportedInterfaceOrientations = UIInterfaceOrientationPortrait;
				INFOPLIST_KEY_UISupportedInterfaceOrientations_iPad = "UIInterfaceOrientationLandscapeLeft UIInterfaceOrientationLandscapeRight UIInterfaceOrientationPortrait UIInterfaceOrientationPortraitUpsideDown";
				LD_RUNPATH_SEARCH_PATHS = (
					"$(inherited)",
					"@executable_path/Frameworks",
				);
				MARKETING_VERSION = 1.0;
				PRODUCT_BUNDLE_IDENTIFIER = com.nezgovorov.ElectroniceShop;
				PRODUCT_NAME = "$(TARGET_NAME)";
				SUPPORTED_PLATFORMS = "iphoneos iphonesimulator";
				SUPPORTS_MACCATALYST = NO;
				SUPPORTS_MAC_DESIGNED_FOR_IPHONE_IPAD = NO;
				SUPPORTS_XR_DESIGNED_FOR_IPHONE_IPAD = NO;
				SWIFT_EMIT_LOC_STRINGS = YES;
				SWIFT_VERSION = 5.0;
				TARGETED_DEVICE_FAMILY = 1;
			};
			name = Debug;
		};
		54AD396D2C5779C90012A4DE /* Release */ = {
			isa = XCBuildConfiguration;
			buildSettings = {
				ASSETCATALOG_COMPILER_APPICON_NAME = AppIcon;
				ASSETCATALOG_COMPILER_GLOBAL_ACCENT_COLOR_NAME = AccentColor;
				CODE_SIGN_STYLE = Automatic;
				CURRENT_PROJECT_VERSION = 1;
				DEVELOPMENT_ASSET_PATHS = "\"ElectroniceShop/Preview Content\"";
				DEVELOPMENT_TEAM = 9W625278YK;
				ENABLE_PREVIEWS = YES;
				GENERATE_INFOPLIST_FILE = YES;
				INFOPLIST_KEY_UIApplicationSceneManifest_Generation = YES;
				INFOPLIST_KEY_UIApplicationSupportsIndirectInputEvents = YES;
				INFOPLIST_KEY_UILaunchScreen_Generation = YES;
				INFOPLIST_KEY_UISupportedInterfaceOrientations = UIInterfaceOrientationPortrait;
				INFOPLIST_KEY_UISupportedInterfaceOrientations_iPad = "UIInterfaceOrientationLandscapeLeft UIInterfaceOrientationLandscapeRight UIInterfaceOrientationPortrait UIInterfaceOrientationPortraitUpsideDown";
				LD_RUNPATH_SEARCH_PATHS = (
					"$(inherited)",
					"@executable_path/Frameworks",
				);
				MARKETING_VERSION = 1.0;
				PRODUCT_BUNDLE_IDENTIFIER = com.nezgovorov.ElectroniceShop;
				PRODUCT_NAME = "$(TARGET_NAME)";
				SUPPORTED_PLATFORMS = "iphoneos iphonesimulator";
				SUPPORTS_MACCATALYST = NO;
				SUPPORTS_MAC_DESIGNED_FOR_IPHONE_IPAD = NO;
				SUPPORTS_XR_DESIGNED_FOR_IPHONE_IPAD = NO;
				SWIFT_EMIT_LOC_STRINGS = YES;
				SWIFT_VERSION = 5.0;
				TARGETED_DEVICE_FAMILY = 1;
			};
			name = Release;
		};
/* End XCBuildConfiguration section */

/* Begin XCConfigurationList section */
		54AD39582C5779C80012A4DE /* Build configuration list for PBXProject "ElectroniceShop" */ = {
			isa = XCConfigurationList;
			buildConfigurations = (
				54AD39692C5779C90012A4DE /* Debug */,
				54AD396A2C5779C90012A4DE /* Release */,
			);
			defaultConfigurationIsVisible = 0;
			defaultConfigurationName = Release;
		};
		54AD396B2C5779C90012A4DE /* Build configuration list for PBXNativeTarget "ElectroniceShop" */ = {
			isa = XCConfigurationList;
			buildConfigurations = (
				54AD396C2C5779C90012A4DE /* Debug */,
				54AD396D2C5779C90012A4DE /* Release */,
			);
			defaultConfigurationIsVisible = 0;
			defaultConfigurationName = Release;
		};
/* End XCConfigurationList section */

/* Begin XCRemoteSwiftPackageReference section */
		54AD39702C578AF70012A4DE /* XCRemoteSwiftPackageReference "firebase-ios-sdk" */ = {
			isa = XCRemoteSwiftPackageReference;
			repositoryURL = "https://github.com/firebase/firebase-ios-sdk.git";
			requirement = {
				kind = upToNextMajorVersion;
				minimumVersion = 10.29.0;
			};
		};
/* End XCRemoteSwiftPackageReference section */

/* Begin XCSwiftPackageProductDependency section */
		54AD39712C578AF70012A4DE /* FirebaseAnalytics */ = {
			isa = XCSwiftPackageProductDependency;
			package = 54AD39702C578AF70012A4DE /* XCRemoteSwiftPackageReference "firebase-ios-sdk" */;
			productName = FirebaseAnalytics;
		};
		54AD39732C578AF70012A4DE /* FirebaseAnalyticsOnDeviceConversion */ = {
			isa = XCSwiftPackageProductDependency;
			package = 54AD39702C578AF70012A4DE /* XCRemoteSwiftPackageReference "firebase-ios-sdk" */;
			productName = FirebaseAnalyticsOnDeviceConversion;
		};
		54AD39752C578AF70012A4DE /* FirebaseAnalyticsSwift */ = {
			isa = XCSwiftPackageProductDependency;
			package = 54AD39702C578AF70012A4DE /* XCRemoteSwiftPackageReference "firebase-ios-sdk" */;
			productName = FirebaseAnalyticsSwift;
		};
		54AD39772C578AF70012A4DE /* FirebaseAnalyticsWithoutAdIdSupport */ = {
			isa = XCSwiftPackageProductDependency;
			package = 54AD39702C578AF70012A4DE /* XCRemoteSwiftPackageReference "firebase-ios-sdk" */;
			productName = FirebaseAnalyticsWithoutAdIdSupport;
		};
		54AD39792C578AF70012A4DE /* FirebaseAppCheck */ = {
			isa = XCSwiftPackageProductDependency;
			package = 54AD39702C578AF70012A4DE /* XCRemoteSwiftPackageReference "firebase-ios-sdk" */;
			productName = FirebaseAppCheck;
		};
		54AD397B2C578AF70012A4DE /* FirebaseAppDistribution-Beta */ = {
			isa = XCSwiftPackageProductDependency;
			package = 54AD39702C578AF70012A4DE /* XCRemoteSwiftPackageReference "firebase-ios-sdk" */;
			productName = "FirebaseAppDistribution-Beta";
		};
		54AD397D2C578AF70012A4DE /* FirebaseAuth */ = {
			isa = XCSwiftPackageProductDependency;
			package = 54AD39702C578AF70012A4DE /* XCRemoteSwiftPackageReference "firebase-ios-sdk" */;
			productName = FirebaseAuth;
		};
		54AD397F2C578AF70012A4DE /* FirebaseAuthCombine-Community */ = {
			isa = XCSwiftPackageProductDependency;
			package = 54AD39702C578AF70012A4DE /* XCRemoteSwiftPackageReference "firebase-ios-sdk" */;
			productName = "FirebaseAuthCombine-Community";
		};
		54AD39812C578AF70012A4DE /* FirebaseCrashlytics */ = {
			isa = XCSwiftPackageProductDependency;
			package = 54AD39702C578AF70012A4DE /* XCRemoteSwiftPackageReference "firebase-ios-sdk" */;
			productName = FirebaseCrashlytics;
		};
		54AD39832C578AF70012A4DE /* FirebaseDatabase */ = {
			isa = XCSwiftPackageProductDependency;
			package = 54AD39702C578AF70012A4DE /* XCRemoteSwiftPackageReference "firebase-ios-sdk" */;
			productName = FirebaseDatabase;
		};
		54AD39852C578AF70012A4DE /* FirebaseDatabaseSwift */ = {
			isa = XCSwiftPackageProductDependency;
			package = 54AD39702C578AF70012A4DE /* XCRemoteSwiftPackageReference "firebase-ios-sdk" */;
			productName = FirebaseDatabaseSwift;
		};
		54AD39872C578AF70012A4DE /* FirebaseDynamicLinks */ = {
			isa = XCSwiftPackageProductDependency;
			package = 54AD39702C578AF70012A4DE /* XCRemoteSwiftPackageReference "firebase-ios-sdk" */;
			productName = FirebaseDynamicLinks;
		};
		54AD39892C578AF70012A4DE /* FirebaseFirestore */ = {
			isa = XCSwiftPackageProductDependency;
			package = 54AD39702C578AF70012A4DE /* XCRemoteSwiftPackageReference "firebase-ios-sdk" */;
			productName = FirebaseFirestore;
		};
		54AD398B2C578AF70012A4DE /* FirebaseFirestoreCombine-Community */ = {
			isa = XCSwiftPackageProductDependency;
			package = 54AD39702C578AF70012A4DE /* XCRemoteSwiftPackageReference "firebase-ios-sdk" */;
			productName = "FirebaseFirestoreCombine-Community";
		};
		54AD398D2C578AF70012A4DE /* FirebaseFirestoreSwift */ = {
			isa = XCSwiftPackageProductDependency;
			package = 54AD39702C578AF70012A4DE /* XCRemoteSwiftPackageReference "firebase-ios-sdk" */;
			productName = FirebaseFirestoreSwift;
		};
		54AD398F2C578AF70012A4DE /* FirebaseFunctions */ = {
			isa = XCSwiftPackageProductDependency;
			package = 54AD39702C578AF70012A4DE /* XCRemoteSwiftPackageReference "firebase-ios-sdk" */;
			productName = FirebaseFunctions;
		};
		54AD39912C578AF70012A4DE /* FirebaseFunctionsCombine-Community */ = {
			isa = XCSwiftPackageProductDependency;
			package = 54AD39702C578AF70012A4DE /* XCRemoteSwiftPackageReference "firebase-ios-sdk" */;
			productName = "FirebaseFunctionsCombine-Community";
		};
		54AD39932C578AF70012A4DE /* FirebaseInAppMessaging-Beta */ = {
			isa = XCSwiftPackageProductDependency;
			package = 54AD39702C578AF70012A4DE /* XCRemoteSwiftPackageReference "firebase-ios-sdk" */;
			productName = "FirebaseInAppMessaging-Beta";
		};
		54AD39952C578AF70012A4DE /* FirebaseInAppMessagingSwift-Beta */ = {
			isa = XCSwiftPackageProductDependency;
			package = 54AD39702C578AF70012A4DE /* XCRemoteSwiftPackageReference "firebase-ios-sdk" */;
			productName = "FirebaseInAppMessagingSwift-Beta";
		};
		54AD39972C578AF70012A4DE /* FirebaseInstallations */ = {
			isa = XCSwiftPackageProductDependency;
			package = 54AD39702C578AF70012A4DE /* XCRemoteSwiftPackageReference "firebase-ios-sdk" */;
			productName = FirebaseInstallations;
		};
		54AD39992C578AF70012A4DE /* FirebaseMLModelDownloader */ = {
			isa = XCSwiftPackageProductDependency;
			package = 54AD39702C578AF70012A4DE /* XCRemoteSwiftPackageReference "firebase-ios-sdk" */;
			productName = FirebaseMLModelDownloader;
		};
		54AD399B2C578AF70012A4DE /* FirebaseMessaging */ = {
			isa = XCSwiftPackageProductDependency;
			package = 54AD39702C578AF70012A4DE /* XCRemoteSwiftPackageReference "firebase-ios-sdk" */;
			productName = FirebaseMessaging;
		};
		54AD399D2C578AF70012A4DE /* FirebasePerformance */ = {
			isa = XCSwiftPackageProductDependency;
			package = 54AD39702C578AF70012A4DE /* XCRemoteSwiftPackageReference "firebase-ios-sdk" */;
			productName = FirebasePerformance;
		};
		54AD399F2C578AF70012A4DE /* FirebaseRemoteConfig */ = {
			isa = XCSwiftPackageProductDependency;
			package = 54AD39702C578AF70012A4DE /* XCRemoteSwiftPackageReference "firebase-ios-sdk" */;
			productName = FirebaseRemoteConfig;
		};
		54AD39A12C578AF70012A4DE /* FirebaseRemoteConfigSwift */ = {
			isa = XCSwiftPackageProductDependency;
			package = 54AD39702C578AF70012A4DE /* XCRemoteSwiftPackageReference "firebase-ios-sdk" */;
			productName = FirebaseRemoteConfigSwift;
		};
		54AD39A32C578AF70012A4DE /* FirebaseStorage */ = {
			isa = XCSwiftPackageProductDependency;
			package = 54AD39702C578AF70012A4DE /* XCRemoteSwiftPackageReference "firebase-ios-sdk" */;
			productName = FirebaseStorage;
		};
		54AD39A52C578AF70012A4DE /* FirebaseStorageCombine-Community */ = {
			isa = XCSwiftPackageProductDependency;
			package = 54AD39702C578AF70012A4DE /* XCRemoteSwiftPackageReference "firebase-ios-sdk" */;
			productName = "FirebaseStorageCombine-Community";
		};
		54AD39A72C578AF70012A4DE /* FirebaseVertexAI-Preview */ = {
			isa = XCSwiftPackageProductDependency;
			package = 54AD39702C578AF70012A4DE /* XCRemoteSwiftPackageReference "firebase-ios-sdk" */;
			productName = "FirebaseVertexAI-Preview";
		};
/* End XCSwiftPackageProductDependency section */
	};
	rootObject = 54AD39552C5779C80012A4DE /* Project object */;
}
